// !$*UTF8*$!
{
	archiveVersion = 1;
	classes = {
	};
	objectVersion = 46;
	objects = {

/* Begin PBXBuildFile section */
		18351EF21DDFAA2D00F3EC83 /* main.c in Sources */ = {isa = PBXBuildFile; fileRef = 18351EF11DDFAA2D00F3EC83 /* main.c */; };
/* End PBXBuildFile section */

/* Begin PBXCopyFilesBuildPhase section */
		18351EEC1DDFAA2D00F3EC83 /* CopyFiles */ = {
			isa = PBXCopyFilesBuildPhase;
			buildActionMask = 2147483647;
			dstPath = /usr/share/man/man1/;
			dstSubfolderSpec = 0;
			files = (
			);
			runOnlyForDeploymentPostprocessing = 1;
		};
/* End PBXCopyFilesBuildPhase section */

/* Begin PBXFileReference section */
		18351EEE1DDFAA2D00F3EC83 /* Esercitazione06es3 */ = {isa = PBXFileReference; explicitFileType = "compiled.mach-o.executable"; includeInIndex = 0; path = Esercitazione06es3; sourceTree = BUILT_PRODUCTS_DIR; };
		18351EF11DDFAA2D00F3EC83 /* main.c */ = {isa = PBXFileReference; lastKnownFileType = sourcecode.c.c; path = main.c; sourceTree = "<group>"; };
/* End PBXFileReference section */

/* Begin PBXFrameworksBuildPhase section */
		18351EEB1DDFAA2D00F3EC83 /* Frameworks */ = {
			isa = PBXFrameworksBuildPhase;
			buildActionMask = 2147483647;
			files = (
			);
			runOnlyForDeploymentPostprocessing = 0;
		};
/* End PBXFrameworksBuildPhase section */

/* Begin PBXGroup section */
		18351EE51DDFAA2D00F3EC83 = {
			isa = PBXGroup;
			children = (
				18351EF01DDFAA2D00F3EC83 /* Esercitazione06es3 */,
				18351EEF1DDFAA2D00F3EC83 /* Products */,
			);
			sourceTree = "<group>";
		};
		18351EEF1DDFAA2D00F3EC83 /* Products */ = {
			isa = PBXGroup;
			children = (
				18351EEE1DDFAA2D00F3EC83 /* Esercitazione06es3 */,
			);
			name = Products;
			sourceTree = "<group>";
		};
		18351EF01DDFAA2D00F3EC83 /* Esercitazione06es3 */ = {
			isa = PBXGroup;
			children = (
				18351EF11DDFAA2D00F3EC83 /* main.c */,
			);
			path = Esercitazione06es3;
			sourceTree = "<group>";
		};
/* End PBXGroup section */

/* Begin PBXNativeTarget section */
		18351EED1DDFAA2D00F3EC83 /* Esercitazione06es3 */ = {
			isa = PBXNativeTarget;
			buildConfigurationList = 18351EF51DDFAA2D00F3EC83 /* Build configuration list for PBXNativeTarget "Esercitazione06es3" */;
			buildPhases = (
				18351EEA1DDFAA2D00F3EC83 /* Sources */,
				18351EEB1DDFAA2D00F3EC83 /* Frameworks */,
				18351EEC1DDFAA2D00F3EC83 /* CopyFiles */,
			);
			buildRules = (
			);
			dependencies = (
			);
			name = Esercitazione06es3;
			productName = Esercitazione06es3;
			productReference = 18351EEE1DDFAA2D00F3EC83 /* Esercitazione06es3 */;
			productType = "com.apple.product-type.tool";
		};
/* End PBXNativeTarget section */

/* Begin PBXProject section */
		18351EE61DDFAA2D00F3EC83 /* Project object */ = {
			isa = PBXProject;
			attributes = {
				LastUpgradeCheck = 0720;
				ORGANIZATIONNAME = emag;
				TargetAttributes = {
					18351EED1DDFAA2D00F3EC83 = {
						CreatedOnToolsVersion = 7.2;
					};
				};
			};
			buildConfigurationList = 18351EE91DDFAA2D00F3EC83 /* Build configuration list for PBXProject "Esercitazione06es3" */;
			compatibilityVersion = "Xcode 3.2";
			developmentRegion = English;
			hasScannedForEncodings = 0;
			knownRegions = (
				en,
			);
			mainGroup = 18351EE51DDFAA2D00F3EC83;
			productRefGroup = 18351EEF1DDFAA2D00F3EC83 /* Products */;
			projectDirPath = "";
			projectRoot = "";
			targets = (
				18351EED1DDFAA2D00F3EC83 /* Esercitazione06es3 */,
			);
		};
/* End PBXProject section */

/* Begin PBXSourcesBuildPhase section */
		18351EEA1DDFAA2D00F3EC83 /* Sources */ = {
			isa = PBXSourcesBuildPhase;
			buildActionMask = 2147483647;
			files = (
				18351EF21DDFAA2D00F3EC83 /* main.c in Sources */,
			);
			runOnlyForDeploymentPostprocessing = 0;
		};
/* End PBXSourcesBuildPhase section */

/* Begin XCBuildConfiguration section */
		18351EF31DDFAA2D00F3EC83 /* Debug */ = {
			isa = XCBuildConfiguration;
			buildSettings = {
				ALWAYS_SEARCH_USER_PATHS = NO;
				CLANG_CXX_LANGUAGE_STANDARD = "gnu++0x";
				CLANG_CXX_LIBRARY = "libc++";
				CLANG_ENABLE_MODULES = YES;
				CLANG_ENABLE_OBJC_ARC = YES;
				CLANG_WARN_BOOL_CONVERSION = YES;
				CLANG_WARN_CONSTANT_CONVERSION = YES;
				CLANG_WARN_DIRECT_OBJC_ISA_USAGE = YES_ERROR;
				CLANG_WARN_EMPTY_BODY = YES;
				CLANG_WARN_ENUM_CONVERSION = YES;
				CLANG_WARN_INT_CONVERSION = YES;
				CLANG_WARN_OBJC_ROOT_CLASS = YES_ERROR;
				CLANG_WARN_UNREACHABLE_CODE = YES;
				CLANG_WARN__DUPLICATE_METHOD_MATCH = YES;
				CODE_SIGN_IDENTITY = "-";
				COPY_PHASE_STRIP = NO;
				DEBUG_INFORMATION_FORMAT = dwarf;
				ENABLE_STRICT_OBJC_MSGSEND = YES;
				ENABLE_TESTABILITY = YES;
				GCC_C_LANGUAGE_STANDARD = gnu99;
				GCC_DYNAMIC_NO_PIC = NO;
				GCC_NO_COMMON_BLOCKS = YES;
				GCC_OPTIMIZATION_LEVEL = 0;
				GCC_PREPROCESSOR_DEFINITIONS = (
					"DEBUG=1",
					"$(inherited)",
				);
				GCC_WARN_64_TO_32_BIT_CONVERSION = YES;
				GCC_WARN_ABOUT_RETURN_TYPE = YES_ERROR;
				GCC_WARN_UNDECLARED_SELECTOR = YES;
				GCC_WARN_UNINITIALIZED_AUTOS = YES_AGGRESSIVE;
				GCC_WARN_UNUSED_FUNCTION = YES;
				GCC_WARN_UNUSED_VARIABLE = YES;
				MACOSX_DEPLOYMENT_TARGET = 10.12;
				MTL_ENABLE_DEBUG_INFO = YES;
				ONLY_ACTIVE_ARCH = YES;
				SDKROOT = macosx;
			};
			name = Debug;
		};
		18351EF41DDFAA2D00F3EC83 /* Release */ = {
			isa = XCBuildConfiguration;
			buildSettings = {
				ALWAYS_SEARCH_USER_PATHS = NO;
				CLANG_CXX_LANGUAGE_STANDARD = "gnu++0x";
				CLANG_CXX_LIBRARY = "libc++";
				CLANG_ENABLE_MODULES = YES;
				CLANG_ENABLE_OBJC_ARC = YES;
				CLANG_WARN_BOOL_CONVERSION = YES;
				CLANG_WARN_CONSTANT_CONVERSION = YES;
				CLANG_WARN_DIRECT_OBJC_ISA_USAGE = YES_ERROR;
				CLANG_WARN_EMPTY_BODY = YES;
				CLANG_WARN_ENUM_CONVERSION = YES;
				CLANG_WARN_INT_CONVERSION = YES;
				CLANG_WARN_OBJC_ROOT_CLASS = YES_ERROR;
				CLANG_WARN_UNREACHABLE_CODE = YES;
				CLANG_WARN__DUPLICATE_METHOD_MATCH = YES;
				CODE_SIGN_IDENTITY = "-";
				COPY_PHASE_STRIP = NO;
				DEBUG_INFORMATION_FORMAT = "dwarf-with-dsym";
				ENABLE_NS_ASSERTIONS = NO;
				ENABLE_STRICT_OBJC_MSGSEND = YES;
				GCC_C_LANGUAGE_STANDARD = gnu99;
				GCC_NO_COMMON_BLOCKS = YES;
				GCC_WARN_64_TO_32_BIT_CONVERSION = YES;
				GCC_WARN_ABOUT_RETURN_TYPE = YES_ERROR;
				GCC_WARN_UNDECLARED_SELECTOR = YES;
				GCC_WARN_UNINITIALIZED_AUTOS = YES_AGGRESSIVE;
				GCC_WARN_UNUSED_FUNCTION = YES;
				GCC_WARN_UNUSED_VARIABLE = YES;
				MACOSX_DEPLOYMENT_TARGET = 10.12;
				MTL_ENABLE_DEBUG_INFO = NO;
				SDKROOT = macosx;
			};
			name = Release;
		};
		18351EF61DDFAA2D00F3EC83 /* Debug */ = {
			isa = XCBuildConfiguration;
			buildSettings = {
				PRODUCT_NAME = "$(TARGET_NAME)";
			};
			name = Debug;
		};
		18351EF71DDFAA2D00F3EC83 /* Release */ = {
			isa = XCBuildConfiguration;
			buildSettings = {
				PRODUCT_NAME = "$(TARGET_NAME)";
			};
			name = Release;
		};
/* End XCBuildConfiguration section */

/* Begin XCConfigurationList section */
		18351EE91DDFAA2D00F3EC83 /* Build configuration list for PBXProject "Esercitazione06es3" */ = {
			isa = XCConfigurationList;
			buildConfigurations = (
				18351EF31DDFAA2D00F3EC83 /* Debug */,
				18351EF41DDFAA2D00F3EC83 /* Release */,
			);
			defaultConfigurationIsVisible = 0;
			defaultConfigurationName = Release;
		};
		18351EF51DDFAA2D00F3EC83 /* Build configuration list for PBXNativeTarget "Esercitazione06es3" */ = {
			isa = XCConfigurationList;
			buildConfigurations = (
				18351EF61DDFAA2D00F3EC83 /* Debug */,
				18351EF71DDFAA2D00F3EC83 /* Release */,
			);
			defaultConfigurationIsVisible = 0;
		};
/* End XCConfigurationList section */
	};
	rootObject = 18351EE61DDFAA2D00F3EC83 /* Project object */;
}
