// !$*UTF8*$!
{
	archiveVersion = 1;
	classes = {
	};
	objectVersion = 46;
	objects = {

/* Begin PBXBuildFile section */
		18B256D21DD3CA4C00B1FAE6 /* main.c in Sources */ = {isa = PBXBuildFile; fileRef = 18B256D11DD3CA4C00B1FAE6 /* main.c */; };
/* End PBXBuildFile section */

/* Begin PBXCopyFilesBuildPhase section */
		18B256CC1DD3CA4C00B1FAE6 /* CopyFiles */ = {
			isa = PBXCopyFilesBuildPhase;
			buildActionMask = 2147483647;
			dstPath = /usr/share/man/man1/;
			dstSubfolderSpec = 0;
			files = (
			);
			runOnlyForDeploymentPostprocessing = 1;
		};
/* End PBXCopyFilesBuildPhase section */

/* Begin PBXFileReference section */
		18B256CE1DD3CA4C00B1FAE6 /* Esercitazione04es2 */ = {isa = PBXFileReference; explicitFileType = "compiled.mach-o.executable"; includeInIndex = 0; path = Esercitazione04es2; sourceTree = BUILT_PRODUCTS_DIR; };
		18B256D11DD3CA4C00B1FAE6 /* main.c */ = {isa = PBXFileReference; lastKnownFileType = sourcecode.c.c; path = main.c; sourceTree = "<group>"; };
/* End PBXFileReference section */

/* Begin PBXFrameworksBuildPhase section */
		18B256CB1DD3CA4C00B1FAE6 /* Frameworks */ = {
			isa = PBXFrameworksBuildPhase;
			buildActionMask = 2147483647;
			files = (
			);
			runOnlyForDeploymentPostprocessing = 0;
		};
/* End PBXFrameworksBuildPhase section */

/* Begin PBXGroup section */
		18B256C51DD3CA4C00B1FAE6 = {
			isa = PBXGroup;
			children = (
				18B256D01DD3CA4C00B1FAE6 /* Esercitazione04es2 */,
				18B256CF1DD3CA4C00B1FAE6 /* Products */,
			);
			sourceTree = "<group>";
		};
		18B256CF1DD3CA4C00B1FAE6 /* Products */ = {
			isa = PBXGroup;
			children = (
				18B256CE1DD3CA4C00B1FAE6 /* Esercitazione04es2 */,
			);
			name = Products;
			sourceTree = "<group>";
		};
		18B256D01DD3CA4C00B1FAE6 /* Esercitazione04es2 */ = {
			isa = PBXGroup;
			children = (
				18B256D11DD3CA4C00B1FAE6 /* main.c */,
			);
			path = Esercitazione04es2;
			sourceTree = "<group>";
		};
/* End PBXGroup section */

/* Begin PBXNativeTarget section */
		18B256CD1DD3CA4C00B1FAE6 /* Esercitazione04es2 */ = {
			isa = PBXNativeTarget;
			buildConfigurationList = 18B256D51DD3CA4C00B1FAE6 /* Build configuration list for PBXNativeTarget "Esercitazione04es2" */;
			buildPhases = (
				18B256CA1DD3CA4C00B1FAE6 /* Sources */,
				18B256CB1DD3CA4C00B1FAE6 /* Frameworks */,
				18B256CC1DD3CA4C00B1FAE6 /* CopyFiles */,
			);
			buildRules = (
			);
			dependencies = (
			);
			name = Esercitazione04es2;
			productName = Esercitazione04es2;
			productReference = 18B256CE1DD3CA4C00B1FAE6 /* Esercitazione04es2 */;
			productType = "com.apple.product-type.tool";
		};
/* End PBXNativeTarget section */

/* Begin PBXProject section */
		18B256C61DD3CA4C00B1FAE6 /* Project object */ = {
			isa = PBXProject;
			attributes = {
				LastUpgradeCheck = 0720;
				ORGANIZATIONNAME = emag;
				TargetAttributes = {
					18B256CD1DD3CA4C00B1FAE6 = {
						CreatedOnToolsVersion = 7.2;
					};
				};
			};
			buildConfigurationList = 18B256C91DD3CA4C00B1FAE6 /* Build configuration list for PBXProject "Esercitazione04es2" */;
			compatibilityVersion = "Xcode 3.2";
			developmentRegion = English;
			hasScannedForEncodings = 0;
			knownRegions = (
				en,
			);
			mainGroup = 18B256C51DD3CA4C00B1FAE6;
			productRefGroup = 18B256CF1DD3CA4C00B1FAE6 /* Products */;
			projectDirPath = "";
			projectRoot = "";
			targets = (
				18B256CD1DD3CA4C00B1FAE6 /* Esercitazione04es2 */,
			);
		};
/* End PBXProject section */

/* Begin PBXSourcesBuildPhase section */
		18B256CA1DD3CA4C00B1FAE6 /* Sources */ = {
			isa = PBXSourcesBuildPhase;
			buildActionMask = 2147483647;
			files = (
				18B256D21DD3CA4C00B1FAE6 /* main.c in Sources */,
			);
			runOnlyForDeploymentPostprocessing = 0;
		};
/* End PBXSourcesBuildPhase section */

/* Begin XCBuildConfiguration section */
		18B256D31DD3CA4C00B1FAE6 /* Debug */ = {
			isa = XCBuildConfiguration;
			buildSettings = {
				ALWAYS_SEARCH_USER_PATHS = NO;
				CLANG_CXX_LANGUAGE_STANDARD = "gnu++0x";
				CLANG_CXX_LIBRARY = "libc++";
				CLANG_ENABLE_MODULES = YES;
				CLANG_ENABLE_OBJC_ARC = YES;
				CLANG_WARN_BOOL_CONVERSION = YES;
				CLANG_WARN_CONSTANT_CONVERSION = YES;
				CLANG_WARN_DIRECT_OBJC_ISA_USAGE = YES_ERROR;
				CLANG_WARN_EMPTY_BODY = YES;
				CLANG_WARN_ENUM_CONVERSION = YES;
				CLANG_WARN_INT_CONVERSION = YES;
				CLANG_WARN_OBJC_ROOT_CLASS = YES_ERROR;
				CLANG_WARN_UNREACHABLE_CODE = YES;
				CLANG_WARN__DUPLICATE_METHOD_MATCH = YES;
				CODE_SIGN_IDENTITY = "-";
				COPY_PHASE_STRIP = NO;
				DEBUG_INFORMATION_FORMAT = dwarf;
				ENABLE_STRICT_OBJC_MSGSEND = YES;
				ENABLE_TESTABILITY = YES;
				GCC_C_LANGUAGE_STANDARD = gnu99;
				GCC_DYNAMIC_NO_PIC = NO;
				GCC_NO_COMMON_BLOCKS = YES;
				GCC_OPTIMIZATION_LEVEL = 0;
				GCC_PREPROCESSOR_DEFINITIONS = (
					"DEBUG=1",
					"$(inherited)",
				);
				GCC_WARN_64_TO_32_BIT_CONVERSION = YES;
				GCC_WARN_ABOUT_RETURN_TYPE = YES_ERROR;
				GCC_WARN_UNDECLARED_SELECTOR = YES;
				GCC_WARN_UNINITIALIZED_AUTOS = YES_AGGRESSIVE;
				GCC_WARN_UNUSED_FUNCTION = YES;
				GCC_WARN_UNUSED_VARIABLE = YES;
				MACOSX_DEPLOYMENT_TARGET = 10.12;
				MTL_ENABLE_DEBUG_INFO = YES;
				ONLY_ACTIVE_ARCH = YES;
				SDKROOT = macosx;
			};
			name = Debug;
		};
		18B256D41DD3CA4C00B1FAE6 /* Release */ = {
			isa = XCBuildConfiguration;
			buildSettings = {
				ALWAYS_SEARCH_USER_PATHS = NO;
				CLANG_CXX_LANGUAGE_STANDARD = "gnu++0x";
				CLANG_CXX_LIBRARY = "libc++";
				CLANG_ENABLE_MODULES = YES;
				CLANG_ENABLE_OBJC_ARC = YES;
				CLANG_WARN_BOOL_CONVERSION = YES;
				CLANG_WARN_CONSTANT_CONVERSION = YES;
				CLANG_WARN_DIRECT_OBJC_ISA_USAGE = YES_ERROR;
				CLANG_WARN_EMPTY_BODY = YES;
				CLANG_WARN_ENUM_CONVERSION = YES;
				CLANG_WARN_INT_CONVERSION = YES;
				CLANG_WARN_OBJC_ROOT_CLASS = YES_ERROR;
				CLANG_WARN_UNREACHABLE_CODE = YES;
				CLANG_WARN__DUPLICATE_METHOD_MATCH = YES;
				CODE_SIGN_IDENTITY = "-";
				COPY_PHASE_STRIP = NO;
				DEBUG_INFORMATION_FORMAT = "dwarf-with-dsym";
				ENABLE_NS_ASSERTIONS = NO;
				ENABLE_STRICT_OBJC_MSGSEND = YES;
				GCC_C_LANGUAGE_STANDARD = gnu99;
				GCC_NO_COMMON_BLOCKS = YES;
				GCC_WARN_64_TO_32_BIT_CONVERSION = YES;
				GCC_WARN_ABOUT_RETURN_TYPE = YES_ERROR;
				GCC_WARN_UNDECLARED_SELECTOR = YES;
				GCC_WARN_UNINITIALIZED_AUTOS = YES_AGGRESSIVE;
				GCC_WARN_UNUSED_FUNCTION = YES;
				GCC_WARN_UNUSED_VARIABLE = YES;
				MACOSX_DEPLOYMENT_TARGET = 10.12;
				MTL_ENABLE_DEBUG_INFO = NO;
				SDKROOT = macosx;
			};
			name = Release;
		};
		18B256D61DD3CA4C00B1FAE6 /* Debug */ = {
			isa = XCBuildConfiguration;
			buildSettings = {
				PRODUCT_NAME = "$(TARGET_NAME)";
			};
			name = Debug;
		};
		18B256D71DD3CA4C00B1FAE6 /* Release */ = {
			isa = XCBuildConfiguration;
			buildSettings = {
				PRODUCT_NAME = "$(TARGET_NAME)";
			};
			name = Release;
		};
/* End XCBuildConfiguration section */

/* Begin XCConfigurationList section */
		18B256C91DD3CA4C00B1FAE6 /* Build configuration list for PBXProject "Esercitazione04es2" */ = {
			isa = XCConfigurationList;
			buildConfigurations = (
				18B256D31DD3CA4C00B1FAE6 /* Debug */,
				18B256D41DD3CA4C00B1FAE6 /* Release */,
			);
			defaultConfigurationIsVisible = 0;
			defaultConfigurationName = Release;
		};
		18B256D51DD3CA4C00B1FAE6 /* Build configuration list for PBXNativeTarget "Esercitazione04es2" */ = {
			isa = XCConfigurationList;
			buildConfigurations = (
				18B256D61DD3CA4C00B1FAE6 /* Debug */,
				18B256D71DD3CA4C00B1FAE6 /* Release */,
			);
			defaultConfigurationIsVisible = 0;
		};
/* End XCConfigurationList section */
	};
	rootObject = 18B256C61DD3CA4C00B1FAE6 /* Project object */;
}
