// !$*UTF8*$!
{
	archiveVersion = 1;
	classes = {
	};
	objectVersion = 46;
	objects = {

/* Begin PBXBuildFile section */
		18BA55EB1DEF2A15008EEC7B /* main.c in Sources */ = {isa = PBXBuildFile; fileRef = 18BA55EA1DEF2A15008EEC7B /* main.c */; };
		18C051C81DEF2DCB001007AA /* ingredienti.c in Sources */ = {isa = PBXBuildFile; fileRef = 18C051C71DEF2DCB001007AA /* ingredienti.c */; };
		18C051CC1DEF4307001007AA /* ricette.c in Sources */ = {isa = PBXBuildFile; fileRef = 18C051CA1DEF4307001007AA /* ricette.c */; };
/* End PBXBuildFile section */

/* Begin PBXCopyFilesBuildPhase section */
		18BA55E51DEF2A15008EEC7B /* CopyFiles */ = {
			isa = PBXCopyFilesBuildPhase;
			buildActionMask = 2147483647;
			dstPath = /usr/share/man/man1/;
			dstSubfolderSpec = 0;
			files = (
			);
			runOnlyForDeploymentPostprocessing = 1;
		};
/* End PBXCopyFilesBuildPhase section */

/* Begin PBXFileReference section */
		18BA55E71DEF2A15008EEC7B /* Esercitazione8Es2 */ = {isa = PBXFileReference; explicitFileType = "compiled.mach-o.executable"; includeInIndex = 0; path = Esercitazione8Es2; sourceTree = BUILT_PRODUCTS_DIR; };
		18BA55EA1DEF2A15008EEC7B /* main.c */ = {isa = PBXFileReference; lastKnownFileType = sourcecode.c.c; path = main.c; sourceTree = "<group>"; };
		18C051C61DEF2DB8001007AA /* ingredienti.h */ = {isa = PBXFileReference; lastKnownFileType = sourcecode.c.h; path = ingredienti.h; sourceTree = "<group>"; };
		18C051C71DEF2DCB001007AA /* ingredienti.c */ = {isa = PBXFileReference; fileEncoding = 4; lastKnownFileType = sourcecode.c.c; path = ingredienti.c; sourceTree = "<group>"; };
		18C051CA1DEF4307001007AA /* ricette.c */ = {isa = PBXFileReference; fileEncoding = 4; lastKnownFileType = sourcecode.c.c; path = ricette.c; sourceTree = "<group>"; };
		18C051CB1DEF4307001007AA /* ricette.h */ = {isa = PBXFileReference; fileEncoding = 4; lastKnownFileType = sourcecode.c.h; path = ricette.h; sourceTree = "<group>"; };
/* End PBXFileReference section */

/* Begin PBXFrameworksBuildPhase section */
		18BA55E41DEF2A15008EEC7B /* Frameworks */ = {
			isa = PBXFrameworksBuildPhase;
			buildActionMask = 2147483647;
			files = (
			);
			runOnlyForDeploymentPostprocessing = 0;
		};
/* End PBXFrameworksBuildPhase section */

/* Begin PBXGroup section */
		18BA55DE1DEF2A15008EEC7B = {
			isa = PBXGroup;
			children = (
				18BA55E91DEF2A15008EEC7B /* Esercitazione8Es2 */,
				18BA55E81DEF2A15008EEC7B /* Products */,
			);
			sourceTree = "<group>";
		};
		18BA55E81DEF2A15008EEC7B /* Products */ = {
			isa = PBXGroup;
			children = (
				18BA55E71DEF2A15008EEC7B /* Esercitazione8Es2 */,
			);
			name = Products;
			sourceTree = "<group>";
		};
		18BA55E91DEF2A15008EEC7B /* Esercitazione8Es2 */ = {
			isa = PBXGroup;
			children = (
				18C051C71DEF2DCB001007AA /* ingredienti.c */,
				18C051CA1DEF4307001007AA /* ricette.c */,
				18C051CB1DEF4307001007AA /* ricette.h */,
				18C051C61DEF2DB8001007AA /* ingredienti.h */,
				18BA55EA1DEF2A15008EEC7B /* main.c */,
			);
			path = Esercitazione8Es2;
			sourceTree = "<group>";
		};
/* End PBXGroup section */

/* Begin PBXNativeTarget section */
		18BA55E61DEF2A15008EEC7B /* Esercitazione8Es2 */ = {
			isa = PBXNativeTarget;
			buildConfigurationList = 18BA55EE1DEF2A15008EEC7B /* Build configuration list for PBXNativeTarget "Esercitazione8Es2" */;
			buildPhases = (
				18BA55E31DEF2A15008EEC7B /* Sources */,
				18BA55E41DEF2A15008EEC7B /* Frameworks */,
				18BA55E51DEF2A15008EEC7B /* CopyFiles */,
			);
			buildRules = (
			);
			dependencies = (
			);
			name = Esercitazione8Es2;
			productName = Esercitazione8Es2;
			productReference = 18BA55E71DEF2A15008EEC7B /* Esercitazione8Es2 */;
			productType = "com.apple.product-type.tool";
		};
/* End PBXNativeTarget section */

/* Begin PBXProject section */
		18BA55DF1DEF2A15008EEC7B /* Project object */ = {
			isa = PBXProject;
			attributes = {
				LastUpgradeCheck = 0720;
				ORGANIZATIONNAME = emag;
				TargetAttributes = {
					18BA55E61DEF2A15008EEC7B = {
						CreatedOnToolsVersion = 7.2;
					};
				};
			};
			buildConfigurationList = 18BA55E21DEF2A15008EEC7B /* Build configuration list for PBXProject "Esercitazione8Es2" */;
			compatibilityVersion = "Xcode 3.2";
			developmentRegion = English;
			hasScannedForEncodings = 0;
			knownRegions = (
				en,
			);
			mainGroup = 18BA55DE1DEF2A15008EEC7B;
			productRefGroup = 18BA55E81DEF2A15008EEC7B /* Products */;
			projectDirPath = "";
			projectRoot = "";
			targets = (
				18BA55E61DEF2A15008EEC7B /* Esercitazione8Es2 */,
			);
		};
/* End PBXProject section */

/* Begin PBXSourcesBuildPhase section */
		18BA55E31DEF2A15008EEC7B /* Sources */ = {
			isa = PBXSourcesBuildPhase;
			buildActionMask = 2147483647;
			files = (
				18C051CC1DEF4307001007AA /* ricette.c in Sources */,
				18C051C81DEF2DCB001007AA /* ingredienti.c in Sources */,
				18BA55EB1DEF2A15008EEC7B /* main.c in Sources */,
			);
			runOnlyForDeploymentPostprocessing = 0;
		};
/* End PBXSourcesBuildPhase section */

/* Begin XCBuildConfiguration section */
		18BA55EC1DEF2A15008EEC7B /* Debug */ = {
			isa = XCBuildConfiguration;
			buildSettings = {
				ALWAYS_SEARCH_USER_PATHS = NO;
				CLANG_CXX_LANGUAGE_STANDARD = "gnu++0x";
				CLANG_CXX_LIBRARY = "libc++";
				CLANG_ENABLE_MODULES = YES;
				CLANG_ENABLE_OBJC_ARC = YES;
				CLANG_WARN_BOOL_CONVERSION = YES;
				CLANG_WARN_CONSTANT_CONVERSION = YES;
				CLANG_WARN_DIRECT_OBJC_ISA_USAGE = YES_ERROR;
				CLANG_WARN_EMPTY_BODY = YES;
				CLANG_WARN_ENUM_CONVERSION = YES;
				CLANG_WARN_INT_CONVERSION = YES;
				CLANG_WARN_OBJC_ROOT_CLASS = YES_ERROR;
				CLANG_WARN_UNREACHABLE_CODE = YES;
				CLANG_WARN__DUPLICATE_METHOD_MATCH = YES;
				CODE_SIGN_IDENTITY = "-";
				COPY_PHASE_STRIP = NO;
				DEBUG_INFORMATION_FORMAT = dwarf;
				ENABLE_STRICT_OBJC_MSGSEND = YES;
				ENABLE_TESTABILITY = YES;
				GCC_C_LANGUAGE_STANDARD = gnu99;
				GCC_DYNAMIC_NO_PIC = NO;
				GCC_NO_COMMON_BLOCKS = YES;
				GCC_OPTIMIZATION_LEVEL = 0;
				GCC_PREPROCESSOR_DEFINITIONS = (
					"DEBUG=1",
					"$(inherited)",
				);
				GCC_WARN_64_TO_32_BIT_CONVERSION = YES;
				GCC_WARN_ABOUT_RETURN_TYPE = YES_ERROR;
				GCC_WARN_UNDECLARED_SELECTOR = YES;
				GCC_WARN_UNINITIALIZED_AUTOS = YES_AGGRESSIVE;
				GCC_WARN_UNUSED_FUNCTION = YES;
				GCC_WARN_UNUSED_VARIABLE = YES;
				MACOSX_DEPLOYMENT_TARGET = 10.12;
				MTL_ENABLE_DEBUG_INFO = YES;
				ONLY_ACTIVE_ARCH = YES;
				SDKROOT = macosx;
			};
			name = Debug;
		};
		18BA55ED1DEF2A15008EEC7B /* Release */ = {
			isa = XCBuildConfiguration;
			buildSettings = {
				ALWAYS_SEARCH_USER_PATHS = NO;
				CLANG_CXX_LANGUAGE_STANDARD = "gnu++0x";
				CLANG_CXX_LIBRARY = "libc++";
				CLANG_ENABLE_MODULES = YES;
				CLANG_ENABLE_OBJC_ARC = YES;
				CLANG_WARN_BOOL_CONVERSION = YES;
				CLANG_WARN_CONSTANT_CONVERSION = YES;
				CLANG_WARN_DIRECT_OBJC_ISA_USAGE = YES_ERROR;
				CLANG_WARN_EMPTY_BODY = YES;
				CLANG_WARN_ENUM_CONVERSION = YES;
				CLANG_WARN_INT_CONVERSION = YES;
				CLANG_WARN_OBJC_ROOT_CLASS = YES_ERROR;
				CLANG_WARN_UNREACHABLE_CODE = YES;
				CLANG_WARN__DUPLICATE_METHOD_MATCH = YES;
				CODE_SIGN_IDENTITY = "-";
				COPY_PHASE_STRIP = NO;
				DEBUG_INFORMATION_FORMAT = "dwarf-with-dsym";
				ENABLE_NS_ASSERTIONS = NO;
				ENABLE_STRICT_OBJC_MSGSEND = YES;
				GCC_C_LANGUAGE_STANDARD = gnu99;
				GCC_NO_COMMON_BLOCKS = YES;
				GCC_WARN_64_TO_32_BIT_CONVERSION = YES;
				GCC_WARN_ABOUT_RETURN_TYPE = YES_ERROR;
				GCC_WARN_UNDECLARED_SELECTOR = YES;
				GCC_WARN_UNINITIALIZED_AUTOS = YES_AGGRESSIVE;
				GCC_WARN_UNUSED_FUNCTION = YES;
				GCC_WARN_UNUSED_VARIABLE = YES;
				MACOSX_DEPLOYMENT_TARGET = 10.12;
				MTL_ENABLE_DEBUG_INFO = NO;
				SDKROOT = macosx;
			};
			name = Release;
		};
		18BA55EF1DEF2A15008EEC7B /* Debug */ = {
			isa = XCBuildConfiguration;
			buildSettings = {
				PRODUCT_NAME = "$(TARGET_NAME)";
			};
			name = Debug;
		};
		18BA55F01DEF2A15008EEC7B /* Release */ = {
			isa = XCBuildConfiguration;
			buildSettings = {
				PRODUCT_NAME = "$(TARGET_NAME)";
			};
			name = Release;
		};
/* End XCBuildConfiguration section */

/* Begin XCConfigurationList section */
		18BA55E21DEF2A15008EEC7B /* Build configuration list for PBXProject "Esercitazione8Es2" */ = {
			isa = XCConfigurationList;
			buildConfigurations = (
				18BA55EC1DEF2A15008EEC7B /* Debug */,
				18BA55ED1DEF2A15008EEC7B /* Release */,
			);
			defaultConfigurationIsVisible = 0;
			defaultConfigurationName = Release;
		};
		18BA55EE1DEF2A15008EEC7B /* Build configuration list for PBXNativeTarget "Esercitazione8Es2" */ = {
			isa = XCConfigurationList;
			buildConfigurations = (
				18BA55EF1DEF2A15008EEC7B /* Debug */,
				18BA55F01DEF2A15008EEC7B /* Release */,
			);
			defaultConfigurationIsVisible = 0;
			defaultConfigurationName = Release;
		};
/* End XCConfigurationList section */
	};
	rootObject = 18BA55DF1DEF2A15008EEC7B /* Project object */;
}
