// !$*UTF8*$!
{
	archiveVersion = 1;
	classes = {
	};
	objectVersion = 46;
	objects = {

/* Begin PBXBuildFile section */
		1875B7781E291A41001318CB /* Edge.c in Sources */ = {isa = PBXBuildFile; fileRef = 1875B7761E291A41001318CB /* Edge.c */; };
		18A0903C1E2913D6005263FB /* main.c in Sources */ = {isa = PBXBuildFile; fileRef = 18A0903B1E2913D6005263FB /* main.c */; };
		18A090481E291724005263FB /* Graph.c in Sources */ = {isa = PBXBuildFile; fileRef = 18A090421E291724005263FB /* Graph.c */; };
		18A660E41E291B6700B7596A /* ST.c in Sources */ = {isa = PBXBuildFile; fileRef = 18A660E21E291B6700B7596A /* ST.c */; };
		18AC5CD61E29324D00026984 /* List.c in Sources */ = {isa = PBXBuildFile; fileRef = 18AC5CD41E29324D00026984 /* List.c */; };
		18FB71111E291CD500F97CC0 /* Item.c in Sources */ = {isa = PBXBuildFile; fileRef = 18FB710F1E291CD500F97CC0 /* Item.c */; };
/* End PBXBuildFile section */

/* Begin PBXCopyFilesBuildPhase section */
		18A090361E2913D6005263FB /* CopyFiles */ = {
			isa = PBXCopyFilesBuildPhase;
			buildActionMask = 2147483647;
			dstPath = /usr/share/man/man1/;
			dstSubfolderSpec = 0;
			files = (
			);
			runOnlyForDeploymentPostprocessing = 1;
		};
/* End PBXCopyFilesBuildPhase section */

/* Begin PBXFileReference section */
		1875B7761E291A41001318CB /* Edge.c */ = {isa = PBXFileReference; fileEncoding = 4; lastKnownFileType = sourcecode.c.c; path = Edge.c; sourceTree = "<group>"; };
		1875B7771E291A41001318CB /* Edge.h */ = {isa = PBXFileReference; fileEncoding = 4; lastKnownFileType = sourcecode.c.h; path = Edge.h; sourceTree = "<group>"; };
		18A090381E2913D6005263FB /* Esercitazione11es01 */ = {isa = PBXFileReference; explicitFileType = "compiled.mach-o.executable"; includeInIndex = 0; path = Esercitazione11es01; sourceTree = BUILT_PRODUCTS_DIR; };
		18A0903B1E2913D6005263FB /* main.c */ = {isa = PBXFileReference; lastKnownFileType = sourcecode.c.c; path = main.c; sourceTree = "<group>"; };
		18A090421E291724005263FB /* Graph.c */ = {isa = PBXFileReference; fileEncoding = 4; lastKnownFileType = sourcecode.c.c; path = Graph.c; sourceTree = "<group>"; };
		18A090431E291724005263FB /* Graph.h */ = {isa = PBXFileReference; fileEncoding = 4; lastKnownFileType = sourcecode.c.h; path = Graph.h; sourceTree = "<group>"; };
		18A660E21E291B6700B7596A /* ST.c */ = {isa = PBXFileReference; fileEncoding = 4; lastKnownFileType = sourcecode.c.c; path = ST.c; sourceTree = "<group>"; };
		18A660E31E291B6700B7596A /* ST.h */ = {isa = PBXFileReference; fileEncoding = 4; lastKnownFileType = sourcecode.c.h; path = ST.h; sourceTree = "<group>"; };
		18AC5CD41E29324D00026984 /* List.c */ = {isa = PBXFileReference; fileEncoding = 4; lastKnownFileType = sourcecode.c.c; path = List.c; sourceTree = "<group>"; };
		18AC5CD51E29324D00026984 /* List.h */ = {isa = PBXFileReference; fileEncoding = 4; lastKnownFileType = sourcecode.c.h; path = List.h; sourceTree = "<group>"; };
		18FB710F1E291CD500F97CC0 /* Item.c */ = {isa = PBXFileReference; fileEncoding = 4; lastKnownFileType = sourcecode.c.c; path = Item.c; sourceTree = "<group>"; };
		18FB71101E291CD500F97CC0 /* Item.h */ = {isa = PBXFileReference; fileEncoding = 4; lastKnownFileType = sourcecode.c.h; path = Item.h; sourceTree = "<group>"; };
/* End PBXFileReference section */

/* Begin PBXFrameworksBuildPhase section */
		18A090351E2913D6005263FB /* Frameworks */ = {
			isa = PBXFrameworksBuildPhase;
			buildActionMask = 2147483647;
			files = (
			);
			runOnlyForDeploymentPostprocessing = 0;
		};
/* End PBXFrameworksBuildPhase section */

/* Begin PBXGroup section */
		18A0902F1E2913D6005263FB = {
			isa = PBXGroup;
			children = (
				18A0903A1E2913D6005263FB /* Esercitazione11es01 */,
				18A090391E2913D6005263FB /* Products */,
			);
			sourceTree = "<group>";
		};
		18A090391E2913D6005263FB /* Products */ = {
			isa = PBXGroup;
			children = (
				18A090381E2913D6005263FB /* Esercitazione11es01 */,
			);
			name = Products;
			sourceTree = "<group>";
		};
		18A0903A1E2913D6005263FB /* Esercitazione11es01 */ = {
			isa = PBXGroup;
			children = (
				1875B7761E291A41001318CB /* Edge.c */,
				1875B7771E291A41001318CB /* Edge.h */,
				18A0903B1E2913D6005263FB /* main.c */,
				18FB710F1E291CD500F97CC0 /* Item.c */,
				18AC5CD41E29324D00026984 /* List.c */,
				18AC5CD51E29324D00026984 /* List.h */,
				18FB71101E291CD500F97CC0 /* Item.h */,
				18A090421E291724005263FB /* Graph.c */,
				18A090431E291724005263FB /* Graph.h */,
				18A660E21E291B6700B7596A /* ST.c */,
				18A660E31E291B6700B7596A /* ST.h */,
			);
			path = Esercitazione11es01;
			sourceTree = "<group>";
		};
/* End PBXGroup section */

/* Begin PBXNativeTarget section */
		18A090371E2913D6005263FB /* Esercitazione11es01 */ = {
			isa = PBXNativeTarget;
			buildConfigurationList = 18A0903F1E2913D6005263FB /* Build configuration list for PBXNativeTarget "Esercitazione11es01" */;
			buildPhases = (
				18A090341E2913D6005263FB /* Sources */,
				18A090351E2913D6005263FB /* Frameworks */,
				18A090361E2913D6005263FB /* CopyFiles */,
			);
			buildRules = (
			);
			dependencies = (
			);
			name = Esercitazione11es01;
			productName = Esercitazione11es01;
			productReference = 18A090381E2913D6005263FB /* Esercitazione11es01 */;
			productType = "com.apple.product-type.tool";
		};
/* End PBXNativeTarget section */

/* Begin PBXProject section */
		18A090301E2913D6005263FB /* Project object */ = {
			isa = PBXProject;
			attributes = {
				LastUpgradeCheck = 0720;
				ORGANIZATIONNAME = emag;
				TargetAttributes = {
					18A090371E2913D6005263FB = {
						CreatedOnToolsVersion = 7.2;
					};
				};
			};
			buildConfigurationList = 18A090331E2913D6005263FB /* Build configuration list for PBXProject "Esercitazione11es01" */;
			compatibilityVersion = "Xcode 3.2";
			developmentRegion = English;
			hasScannedForEncodings = 0;
			knownRegions = (
				en,
			);
			mainGroup = 18A0902F1E2913D6005263FB;
			productRefGroup = 18A090391E2913D6005263FB /* Products */;
			projectDirPath = "";
			projectRoot = "";
			targets = (
				18A090371E2913D6005263FB /* Esercitazione11es01 */,
			);
		};
/* End PBXProject section */

/* Begin PBXSourcesBuildPhase section */
		18A090341E2913D6005263FB /* Sources */ = {
			isa = PBXSourcesBuildPhase;
			buildActionMask = 2147483647;
			files = (
				18FB71111E291CD500F97CC0 /* Item.c in Sources */,
				18AC5CD61E29324D00026984 /* List.c in Sources */,
				1875B7781E291A41001318CB /* Edge.c in Sources */,
				18A090481E291724005263FB /* Graph.c in Sources */,
				18A660E41E291B6700B7596A /* ST.c in Sources */,
				18A0903C1E2913D6005263FB /* main.c in Sources */,
			);
			runOnlyForDeploymentPostprocessing = 0;
		};
/* End PBXSourcesBuildPhase section */

/* Begin XCBuildConfiguration section */
		18A0903D1E2913D6005263FB /* Debug */ = {
			isa = XCBuildConfiguration;
			buildSettings = {
				ALWAYS_SEARCH_USER_PATHS = NO;
				CLANG_CXX_LANGUAGE_STANDARD = "gnu++0x";
				CLANG_CXX_LIBRARY = "libc++";
				CLANG_ENABLE_MODULES = YES;
				CLANG_ENABLE_OBJC_ARC = YES;
				CLANG_WARN_BOOL_CONVERSION = YES;
				CLANG_WARN_CONSTANT_CONVERSION = YES;
				CLANG_WARN_DIRECT_OBJC_ISA_USAGE = YES_ERROR;
				CLANG_WARN_EMPTY_BODY = YES;
				CLANG_WARN_ENUM_CONVERSION = YES;
				CLANG_WARN_INT_CONVERSION = YES;
				CLANG_WARN_OBJC_ROOT_CLASS = YES_ERROR;
				CLANG_WARN_UNREACHABLE_CODE = YES;
				CLANG_WARN__DUPLICATE_METHOD_MATCH = YES;
				CODE_SIGN_IDENTITY = "-";
				COPY_PHASE_STRIP = NO;
				DEBUG_INFORMATION_FORMAT = dwarf;
				ENABLE_STRICT_OBJC_MSGSEND = YES;
				ENABLE_TESTABILITY = YES;
				GCC_C_LANGUAGE_STANDARD = gnu99;
				GCC_DYNAMIC_NO_PIC = NO;
				GCC_NO_COMMON_BLOCKS = YES;
				GCC_OPTIMIZATION_LEVEL = 0;
				GCC_PREPROCESSOR_DEFINITIONS = (
					"DEBUG=1",
					"$(inherited)",
				);
				GCC_WARN_64_TO_32_BIT_CONVERSION = YES;
				GCC_WARN_ABOUT_RETURN_TYPE = YES_ERROR;
				GCC_WARN_UNDECLARED_SELECTOR = YES;
				GCC_WARN_UNINITIALIZED_AUTOS = YES_AGGRESSIVE;
				GCC_WARN_UNUSED_FUNCTION = YES;
				GCC_WARN_UNUSED_VARIABLE = YES;
				MACOSX_DEPLOYMENT_TARGET = 10.12;
				MTL_ENABLE_DEBUG_INFO = YES;
				ONLY_ACTIVE_ARCH = YES;
				SDKROOT = macosx;
			};
			name = Debug;
		};
		18A0903E1E2913D6005263FB /* Release */ = {
			isa = XCBuildConfiguration;
			buildSettings = {
				ALWAYS_SEARCH_USER_PATHS = NO;
				CLANG_CXX_LANGUAGE_STANDARD = "gnu++0x";
				CLANG_CXX_LIBRARY = "libc++";
				CLANG_ENABLE_MODULES = YES;
				CLANG_ENABLE_OBJC_ARC = YES;
				CLANG_WARN_BOOL_CONVERSION = YES;
				CLANG_WARN_CONSTANT_CONVERSION = YES;
				CLANG_WARN_DIRECT_OBJC_ISA_USAGE = YES_ERROR;
				CLANG_WARN_EMPTY_BODY = YES;
				CLANG_WARN_ENUM_CONVERSION = YES;
				CLANG_WARN_INT_CONVERSION = YES;
				CLANG_WARN_OBJC_ROOT_CLASS = YES_ERROR;
				CLANG_WARN_UNREACHABLE_CODE = YES;
				CLANG_WARN__DUPLICATE_METHOD_MATCH = YES;
				CODE_SIGN_IDENTITY = "-";
				COPY_PHASE_STRIP = NO;
				DEBUG_INFORMATION_FORMAT = "dwarf-with-dsym";
				ENABLE_NS_ASSERTIONS = NO;
				ENABLE_STRICT_OBJC_MSGSEND = YES;
				GCC_C_LANGUAGE_STANDARD = gnu99;
				GCC_NO_COMMON_BLOCKS = YES;
				GCC_WARN_64_TO_32_BIT_CONVERSION = YES;
				GCC_WARN_ABOUT_RETURN_TYPE = YES_ERROR;
				GCC_WARN_UNDECLARED_SELECTOR = YES;
				GCC_WARN_UNINITIALIZED_AUTOS = YES_AGGRESSIVE;
				GCC_WARN_UNUSED_FUNCTION = YES;
				GCC_WARN_UNUSED_VARIABLE = YES;
				MACOSX_DEPLOYMENT_TARGET = 10.12;
				MTL_ENABLE_DEBUG_INFO = NO;
				SDKROOT = macosx;
			};
			name = Release;
		};
		18A090401E2913D6005263FB /* Debug */ = {
			isa = XCBuildConfiguration;
			buildSettings = {
				PRODUCT_NAME = "$(TARGET_NAME)";
			};
			name = Debug;
		};
		18A090411E2913D6005263FB /* Release */ = {
			isa = XCBuildConfiguration;
			buildSettings = {
				PRODUCT_NAME = "$(TARGET_NAME)";
			};
			name = Release;
		};
/* End XCBuildConfiguration section */

/* Begin XCConfigurationList section */
		18A090331E2913D6005263FB /* Build configuration list for PBXProject "Esercitazione11es01" */ = {
			isa = XCConfigurationList;
			buildConfigurations = (
				18A0903D1E2913D6005263FB /* Debug */,
				18A0903E1E2913D6005263FB /* Release */,
			);
			defaultConfigurationIsVisible = 0;
			defaultConfigurationName = Release;
		};
		18A0903F1E2913D6005263FB /* Build configuration list for PBXNativeTarget "Esercitazione11es01" */ = {
			isa = XCConfigurationList;
			buildConfigurations = (
				18A090401E2913D6005263FB /* Debug */,
				18A090411E2913D6005263FB /* Release */,
			);
			defaultConfigurationIsVisible = 0;
			defaultConfigurationName = Release;
		};
/* End XCConfigurationList section */
	};
	rootObject = 18A090301E2913D6005263FB /* Project object */;
}
